
Microsoft Visual Studio Solution File, Format Version 12.00
# Visual Studio Version 16
VisualStudioVersion = 16.0.29519.181
MinimumVisualStudioVersion = 10.0.40219.1
Project("{FAE04EC0-301F-11D3-BF4B-00C04F79EFBC}") = "ConsoleApp2", "ConsoleApp2\ConsoleApp2.csproj", "{A6E24E49-9A37-4562-8D20-E05C600D3D59}"
EndProject
Global
	GlobalSection(SolutionConfigurationPlatforms) = preSolution
		Debug|Any CPU = Debug|Any CPU
		Release|Any CPU = Release|Any CPU
	EndGlobalSection
	GlobalSection(ProjectConfigurationPlatforms) = postSolution
		{A6E24E49-9A37-4562-8D20-E05C600D3D59}.Debug|Any CPU.ActiveCfg = Debug|Any CPU
		{A6E24E49-9A37-4562-8D20-E05C600D3D59}.Debug|Any CPU.Build.0 = Debug|Any CPU
		{A6E24E49-9A37-4562-8D20-E05C600D3D59}.Release|Any CPU.ActiveCfg = Release|Any CPU
		{A6E24E49-9A37-4562-8D20-E05C600D3D59}.Release|Any CPU.Build.0 = Release|Any CPU
	EndGlobalSection
	GlobalSection(SolutionProperties) = preSolution
		HideSolutionNode = FALSE
	EndGlobalSection
	GlobalSection(ExtensibilityGlobals) = postSolution
		SolutionGuid = {EE292CFC-CDBC-455A-869A-64FD44F4F4C2}
	EndGlobalSection
EndGlobal
